
Microsoft Visual Studio Solution File, Format Version 12.00
# Visual Studio 15
VisualStudioVersion = 15.0.27703.2035
MinimumVisualStudioVersion = 10.0.40219.1
Project("{FAE04EC0-301F-11D3-BF4B-00C04F79EFBC}") = "NeboServer", "NeboServer\NeboServer.csproj", "{4D0CA9BC-99CE-4071-B55A-72330EDC18C1}"
EndProject
Project("{54435603-DBB4-11D2-8724-00A0C9A8B90C}") = "NeboSetup", "NeboSetup\NeboSetup.vdproj", "{AC1FADAC-A123-44B6-A278-AA5C30697F28}"
EndProject
Global
	GlobalSection(SolutionConfigurationPlatforms) = preSolution
		Debug|Any CPU = Debug|Any CPU
		Release|Any CPU = Release|Any CPU
	EndGlobalSection
	GlobalSection(ProjectConfigurationPlatforms) = postSolution
		{4D0CA9BC-99CE-4071-B55A-72330EDC18C1}.Debug|Any CPU.ActiveCfg = Debug|Any CPU
		{4D0CA9BC-99CE-4071-B55A-72330EDC18C1}.Debug|Any CPU.Build.0 = Debug|Any CPU
		{4D0CA9BC-99CE-4071-B55A-72330EDC18C1}.Release|Any CPU.ActiveCfg = Release|Any CPU
		{4D0CA9BC-99CE-4071-B55A-72330EDC18C1}.Release|Any CPU.Build.0 = Release|Any CPU
		{AC1FADAC-A123-44B6-A278-AA5C30697F28}.Debug|Any CPU.ActiveCfg = Debug
		{AC1FADAC-A123-44B6-A278-AA5C30697F28}.Release|Any CPU.ActiveCfg = Release
		{AC1FADAC-A123-44B6-A278-AA5C30697F28}.Release|Any CPU.Build.0 = Release
	EndGlobalSection
	GlobalSection(SolutionProperties) = preSolution
		HideSolutionNode = FALSE
	EndGlobalSection
	GlobalSection(ExtensibilityGlobals) = postSolution
		SolutionGuid = {264D7084-0777-49F6-81F1-561633E4D25B}
	EndGlobalSection
EndGlobal
